
Microsoft Visual Studio Solution File, Format Version 12.00
# Visual Studio Version 17
VisualStudioVersion = 17.5.33530.505
MinimumVisualStudioVersion = 10.0.40219.1
Project("{888888A0-9F3D-457C-B088-3A5042F75D52}") = "Test4Cnn", "Test4Cnn.pyproj", "{1E4EC132-F54A-461C-B0B7-10A11E37B6F7}"
EndProject
Project("{9A19103F-16F7-4668-BE54-9A1E7A4F7556}") = "RemoveDatasetDirtyData", "RemoveDatasetDirtyData\RemoveDatasetDirtyData.csproj", "{068D1C1A-7A89-4030-910A-6C9DEADB9ACD}"
EndProject
Project("{9A19103F-16F7-4668-BE54-9A1E7A4F7556}") = "GenerateFakeData", "GenerateFakeData\GenerateFakeData.csproj", "{8DFCA481-33B0-4F66-AE4F-698D9074AB52}"
EndProject
Project("{9A19103F-16F7-4668-BE54-9A1E7A4F7556}") = "ConsoleNet6Test", "ConsoleNet6Test\ConsoleNet6Test.csproj", "{4B463871-8633-4F24-A693-022A09A5A908}"
EndProject
Project("{FAE04EC0-301F-11D3-BF4B-00C04F79EFBC}") = "SortData", "..\SortData\SortData.csproj", "{92DFF7CD-7E9C-4AAE-A1A9-16AC41A04C3B}"
EndProject
Global
	GlobalSection(SolutionConfigurationPlatforms) = preSolution
		Debug|Any CPU = Debug|Any CPU
		Debug|x64 = Debug|x64
		Release|Any CPU = Release|Any CPU
		Release|x64 = Release|x64
	EndGlobalSection
	GlobalSection(ProjectConfigurationPlatforms) = postSolution
		{1E4EC132-F54A-461C-B0B7-10A11E37B6F7}.Debug|Any CPU.ActiveCfg = Debug|Any CPU
		{1E4EC132-F54A-461C-B0B7-10A11E37B6F7}.Debug|x64.ActiveCfg = Debug|Any CPU
		{1E4EC132-F54A-461C-B0B7-10A11E37B6F7}.Release|Any CPU.ActiveCfg = Release|Any CPU
		{1E4EC132-F54A-461C-B0B7-10A11E37B6F7}.Release|x64.ActiveCfg = Release|Any CPU
		{068D1C1A-7A89-4030-910A-6C9DEADB9ACD}.Debug|Any CPU.ActiveCfg = Debug|Any CPU
		{068D1C1A-7A89-4030-910A-6C9DEADB9ACD}.Debug|Any CPU.Build.0 = Debug|Any CPU
		{068D1C1A-7A89-4030-910A-6C9DEADB9ACD}.Debug|x64.ActiveCfg = Debug|x64
		{068D1C1A-7A89-4030-910A-6C9DEADB9ACD}.Debug|x64.Build.0 = Debug|x64
		{068D1C1A-7A89-4030-910A-6C9DEADB9ACD}.Release|Any CPU.ActiveCfg = Release|Any CPU
		{068D1C1A-7A89-4030-910A-6C9DEADB9ACD}.Release|Any CPU.Build.0 = Release|Any CPU
		{068D1C1A-7A89-4030-910A-6C9DEADB9ACD}.Release|x64.ActiveCfg = Release|x64
		{068D1C1A-7A89-4030-910A-6C9DEADB9ACD}.Release|x64.Build.0 = Release|x64
		{8DFCA481-33B0-4F66-AE4F-698D9074AB52}.Debug|Any CPU.ActiveCfg = Debug|Any CPU
		{8DFCA481-33B0-4F66-AE4F-698D9074AB52}.Debug|Any CPU.Build.0 = Debug|Any CPU
		{8DFCA481-33B0-4F66-AE4F-698D9074AB52}.Debug|x64.ActiveCfg = Debug|x64
		{8DFCA481-33B0-4F66-AE4F-698D9074AB52}.Debug|x64.Build.0 = Debug|x64
		{8DFCA481-33B0-4F66-AE4F-698D9074AB52}.Release|Any CPU.ActiveCfg = Release|Any CPU
		{8DFCA481-33B0-4F66-AE4F-698D9074AB52}.Release|Any CPU.Build.0 = Release|Any CPU
		{8DFCA481-33B0-4F66-AE4F-698D9074AB52}.Release|x64.ActiveCfg = Release|Any CPU
		{8DFCA481-33B0-4F66-AE4F-698D9074AB52}.Release|x64.Build.0 = Release|Any CPU
		{4B463871-8633-4F24-A693-022A09A5A908}.Debug|Any CPU.ActiveCfg = Debug|Any CPU
		{4B463871-8633-4F24-A693-022A09A5A908}.Debug|Any CPU.Build.0 = Debug|Any CPU
		{4B463871-8633-4F24-A693-022A09A5A908}.Debug|x64.ActiveCfg = Debug|x64
		{4B463871-8633-4F24-A693-022A09A5A908}.Debug|x64.Build.0 = Debug|x64
		{4B463871-8633-4F24-A693-022A09A5A908}.Release|Any CPU.ActiveCfg = Release|Any CPU
		{4B463871-8633-4F24-A693-022A09A5A908}.Release|Any CPU.Build.0 = Release|Any CPU
		{4B463871-8633-4F24-A693-022A09A5A908}.Release|x64.ActiveCfg = Release|Any CPU
		{4B463871-8633-4F24-A693-022A09A5A908}.Release|x64.Build.0 = Release|Any CPU
		{92DFF7CD-7E9C-4AAE-A1A9-16AC41A04C3B}.Debug|Any CPU.ActiveCfg = Debug|Any CPU
		{92DFF7CD-7E9C-4AAE-A1A9-16AC41A04C3B}.Debug|Any CPU.Build.0 = Debug|Any CPU
		{92DFF7CD-7E9C-4AAE-A1A9-16AC41A04C3B}.Debug|x64.ActiveCfg = Debug|Any CPU
		{92DFF7CD-7E9C-4AAE-A1A9-16AC41A04C3B}.Debug|x64.Build.0 = Debug|Any CPU
		{92DFF7CD-7E9C-4AAE-A1A9-16AC41A04C3B}.Release|Any CPU.ActiveCfg = Release|Any CPU
		{92DFF7CD-7E9C-4AAE-A1A9-16AC41A04C3B}.Release|Any CPU.Build.0 = Release|Any CPU
		{92DFF7CD-7E9C-4AAE-A1A9-16AC41A04C3B}.Release|x64.ActiveCfg = Release|Any CPU
		{92DFF7CD-7E9C-4AAE-A1A9-16AC41A04C3B}.Release|x64.Build.0 = Release|Any CPU
	EndGlobalSection
	GlobalSection(SolutionProperties) = preSolution
		HideSolutionNode = FALSE
	EndGlobalSection
	GlobalSection(ExtensibilityGlobals) = postSolution
		SolutionGuid = {A38CEF89-6C25-49A7-898E-33797250478B}
	EndGlobalSection
EndGlobal
